<?xml version="1.0" encoding="utf-8"?>
<Project ToolsVersion="4.0" xmlns="http://schemas.microsoft.com/developer/msbuild/2003">
  <ItemGroup>
    <Filter Include="Framework">
      <UniqueIdentifier>{cfb9cbab-184f-4318-82d4-055e081e1557}</UniqueIdentifier>
    </Filter>
    <Filter Include="Framework\Window">
      <UniqueIdentifier>{9a5d2d35-5e9b-4a9f-9ce6-d85f9da30bf4}</UniqueIdentifier>
    </Filter>
    <Filter Include="Framework\Graphics">
      <UniqueIdentifier>{1244cc14-08ba-4d00-9c41-597c51a66881}</UniqueIdentifier>
    </Filter>
    <Filter Include="Framework\Graphics\GraphPass">
      <UniqueIdentifier>{7f97a1a6-f237-4df2-b770-bc29598e1d5b}</UniqueIdentifier>
    </Filter>
    <Filter Include="Framework\Graphics\GraphPass\GraphLib">
      <UniqueIdentifier>{16845e0d-d4f1-4b9d-872c-7a5de417257c}</UniqueIdentifier>
    </Filter>
    <Filter Include="Framework\Graphics\GraphPass\PassLib">
      <UniqueIdentifier>{5874eb0b-7dc4-4c78-b923-1bb3edf689eb}</UniqueIdentifier>
    </Filter>
    <Filter Include="Framework\Graphics\GraphPass\PassLib\Base">
      <UniqueIdentifier>{5c9aed78-91de-446e-a81c-cb250a11d09b}</UniqueIdentifier>
    </Filter>
    <Filter Include="Framework\Graphics\Drawable">
      <UniqueIdentifier>{45f2a1b4-5fd1-42e3-ab25-f9cd667f3a90}</UniqueIdentifier>
    </Filter>
    <Filter Include="Framework\Graphics\Drawable\Geometry">
      <UniqueIdentifier>{94c54a46-3ae6-429f-83e8-48036e5da1ea}</UniqueIdentifier>
    </Filter>
    <Filter Include="Framework\Graphics\Drawable\Camera">
      <UniqueIdentifier>{9f209525-c928-479b-9266-2c22a5603d5e}</UniqueIdentifier>
    </Filter>
    <Filter Include="Framework\Graphics\Bindable">
      <UniqueIdentifier>{649df34c-9b97-4f70-9390-d8e4555eb063}</UniqueIdentifier>
    </Filter>
    <Filter Include="Framework\Graphics\Bindable\Core">
      <UniqueIdentifier>{347ddc35-0f36-4c47-9910-510d9603ca5d}</UniqueIdentifier>
    </Filter>
    <Filter Include="Framework\Graphics\Bindable\RenderRelated">
      <UniqueIdentifier>{f1f5f1ac-5b26-4e25-99dc-e057669981fb}</UniqueIdentifier>
    </Filter>
    <Filter Include="Framework\Graphics\Bindable\ConstantBuffers">
      <UniqueIdentifier>{6c625c4b-c6c1-401a-ad69-c3ba79597a57}</UniqueIdentifier>
    </Filter>
    <Filter Include="Framework\Graphics\Bindable\Shadow">
      <UniqueIdentifier>{3f2a7aab-0b4a-4968-aefd-d4e989ef3184}</UniqueIdentifier>
    </Filter>
    <Filter Include="Framework\Graphics\Bindable\ShaderDynamics">
      <UniqueIdentifier>{718cd6c2-96ba-46c8-866a-265eac5340f5}</UniqueIdentifier>
    </Filter>
    <Filter Include="Object">
      <UniqueIdentifier>{93461155-669d-4187-a356-dff2e833399c}</UniqueIdentifier>
    </Filter>
    <Filter Include="Object\Character">
      <UniqueIdentifier>{1371f3a0-3435-43fe-94f3-acebfe8c4228}</UniqueIdentifier>
    </Filter>
    <Filter Include="Object\Character\Enemy">
      <UniqueIdentifier>{22b77191-a152-4806-905a-6587ebc11d02}</UniqueIdentifier>
    </Filter>
    <Filter Include="Object\Character\Player">
      <UniqueIdentifier>{3b12f0ae-0730-4483-b27f-3fdea4bfebf4}</UniqueIdentifier>
    </Filter>
    <Filter Include="Object\Environment">
      <UniqueIdentifier>{7c88b073-9b81-4808-9912-54097c5f2ac9}</UniqueIdentifier>
    </Filter>
    <Filter Include="Object\Effects">
      <UniqueIdentifier>{27af5168-0697-4898-9ffd-68f1f14efb32}</UniqueIdentifier>
    </Filter>
    <Filter Include="Tool">
      <UniqueIdentifier>{05ac8d12-cd0c-4120-9a3e-4b52c67aedb0}</UniqueIdentifier>
    </Filter>
    <Filter Include="Tool\Resource Files">
      <UniqueIdentifier>{67DA6AB6-F800-4c08-8B7A-83BB121AAD01}</UniqueIdentifier>
      <Extensions>rc;ico;cur;bmp;dlg;rc2;rct;bin;rgs;gif;jpg;jpeg;jpe;resx;tiff;tif;png;wav;mfcribbon-ms</Extensions>
    </Filter>
    <Filter Include="Tool\Imgui">
      <UniqueIdentifier>{95303eab-1a7b-40e9-a7be-ae3ec72f99af}</UniqueIdentifier>
    </Filter>
    <Filter Include="Tool\Imgui\Manager">
      <UniqueIdentifier>{579e3211-391d-4590-a518-fb1384c0d814}</UniqueIdentifier>
    </Filter>
    <Filter Include="Object\Attack">
      <UniqueIdentifier>{62d06cbd-546e-40a1-b304-732fab4f9d5e}</UniqueIdentifier>
    </Filter>
    <Filter Include="Object\Shapes">
      <UniqueIdentifier>{d83d1c11-0a59-461a-ace0-0ede645d9a46}</UniqueIdentifier>
    </Filter>
    <Filter Include="Framework\Graphics\Drawable\Sprites">
      <UniqueIdentifier>{0415710c-c283-40a1-9eed-0bb4c4de2fdf}</UniqueIdentifier>
    </Filter>
    <Filter Include="Framework\Main">
      <UniqueIdentifier>{320880e3-7f39-4917-8da7-3e43339f1ef2}</UniqueIdentifier>
    </Filter>
    <Filter Include="Framework\Graphics\Drawable\Canvas">
      <UniqueIdentifier>{00c30df9-95de-4814-aa29-3a06feed797d}</UniqueIdentifier>
    </Filter>
    <Filter Include="Framework\Helpers">
      <UniqueIdentifier>{39b1d28c-7bbc-4cde-93e2-97e3e5598a2e}</UniqueIdentifier>
    </Filter>
    <Filter Include="Framework\Helpers\Input">
      <UniqueIdentifier>{46cc6032-8c53-462a-8465-4740c449477c}</UniqueIdentifier>
    </Filter>
    <Filter Include="Framework\Helpers\Sound">
      <UniqueIdentifier>{d163a4e0-ebd2-4d25-a066-461f4baf3dd8}</UniqueIdentifier>
    </Filter>
    <Filter Include="Framework\Helpers\Exception">
      <UniqueIdentifier>{0129b208-d26d-420a-a102-306c56e724c8}</UniqueIdentifier>
    </Filter>
    <Filter Include="Framework\Helpers\Exception\Macros">
      <UniqueIdentifier>{de165f29-0b33-4fd7-ab21-7578281eb3f0}</UniqueIdentifier>
    </Filter>
    <Filter Include="Framework\Helpers\Text">
      <UniqueIdentifier>{431e6930-f381-427c-9444-62728969492c}</UniqueIdentifier>
    </Filter>
    <Filter Include="Framework\UI">
      <UniqueIdentifier>{9ca01b60-cd95-440a-9cac-39118079381e}</UniqueIdentifier>
    </Filter>
    <Filter Include="Framework\UI\Base">
      <UniqueIdentifier>{16413ebd-b4fd-4e50-ab2a-35d71e3b4390}</UniqueIdentifier>
    </Filter>
    <Filter Include="Framework\UI\Input">
      <UniqueIdentifier>{418c8eeb-80a8-4ba2-b328-9a1a5c27d178}</UniqueIdentifier>
    </Filter>
    <Filter Include="Framework\UI\Widget">
      <UniqueIdentifier>{8a3400fd-517f-4837-8924-8f29183abc18}</UniqueIdentifier>
    </Filter>
    <Filter Include="Framework\UI\Widget\Button">
      <UniqueIdentifier>{69ae2158-0215-493e-bc36-e6c3236b2d83}</UniqueIdentifier>
    </Filter>
    <Filter Include="Framework\UI\Component">
      <UniqueIdentifier>{7f904051-7a75-4c5f-84d4-517b00e328fe}</UniqueIdentifier>
    </Filter>
    <Filter Include="UI">
      <UniqueIdentifier>{8308996a-329a-4be0-b591-b911c2d837e6}</UniqueIdentifier>
    </Filter>
    <Filter Include="Framework\Graphics\Bindable\ConstantBuffers\Provides">
      <UniqueIdentifier>{e25ee930-2deb-4743-91b2-e243cfb6df91}</UniqueIdentifier>
    </Filter>
    <Filter Include="Framework\Helpers\Time">
      <UniqueIdentifier>{82f81be1-f7ae-455f-b534-ff872edff379}</UniqueIdentifier>
    </Filter>
    <Filter Include="Framework\Helpers\Texture">
      <UniqueIdentifier>{1371d328-c086-4126-bbb0-baef926da6b7}</UniqueIdentifier>
    </Filter>
    <Filter Include="Framework\Helpers\Mathematics">
      <UniqueIdentifier>{e98ad54f-ebfb-4292-9b57-430b94b83493}</UniqueIdentifier>
    </Filter>
    <Filter Include="Framework\UI\Widget\Slider">
      <UniqueIdentifier>{bf7ea12b-93bc-4429-94f5-a34490512cec}</UniqueIdentifier>
    </Filter>
    <Filter Include="Framework\UI\Widget\Toggle">
      <UniqueIdentifier>{88beb4ea-4c1c-480b-b261-bb11fe2a278d}</UniqueIdentifier>
    </Filter>
    <Filter Include="Framework\UI\Widget\Dropdown">
      <UniqueIdentifier>{1ff7de66-d0f3-4a39-8407-0e0a8e67ce86}</UniqueIdentifier>
    </Filter>
    <Filter Include="Framework\UI\Widget\Stepper">
      <UniqueIdentifier>{a887444a-66fa-4868-91cd-9f8301c4b0b3}</UniqueIdentifier>
    </Filter>
    <Filter Include="Framework\UI\Widget\TextField">
      <UniqueIdentifier>{11f35985-2ab8-4f15-b76c-a0779959768f}</UniqueIdentifier>
    </Filter>
    <Filter Include="Framework\UI\Widget\Others">
      <UniqueIdentifier>{e0698ace-a554-443f-8951-2f52e74921f2}</UniqueIdentifier>
    </Filter>
    <Filter Include="Object\Components">
      <UniqueIdentifier>{714e1ce1-894b-4f0f-bc90-0392b8a11860}</UniqueIdentifier>
    </Filter>
    <Filter Include="Object\Components\Colliders">
      <UniqueIdentifier>{6c2da7f2-683b-4c97-8015-4d74cc3ead6d}</UniqueIdentifier>
    </Filter>
    <Filter Include="Object\Attack\ModuleSystem">
      <UniqueIdentifier>{a1b2c3d4-e5f6-7890-abcd-ef1234567890}</UniqueIdentifier>
    </Filter>
    <Filter Include="Object\Attack\ModuleSystem\Module">
      <UniqueIdentifier>{921d0296-bdea-4ba1-b1bf-0766eca9dcab}</UniqueIdentifier>
    </Filter>
    <Filter Include="Object\Attack\ModuleSystem\ModuleNode">
      <UniqueIdentifier>{2c8ddd78-41cc-44dc-ac39-305fd102b427}</UniqueIdentifier>
    </Filter>
    <Filter Include="Object\Attack\ModuleSystem\ModuleZone">
      <UniqueIdentifier>{84af3475-ca95-4c36-95cd-3e51da6b3cf5}</UniqueIdentifier>
    </Filter>
    <Filter Include="Tool\GameArrangement">
      <UniqueIdentifier>{5d5ddc54-6338-4cbd-bc0b-1a34e9e773f5}</UniqueIdentifier>
    </Filter>
    <Filter Include="Shader">
      <UniqueIdentifier>{fced4d1c-e288-47a9-b931-6d15810821fa}</UniqueIdentifier>
    </Filter>
    <Filter Include="Shader\Common">
      <UniqueIdentifier>{54352f59-5a07-47b8-b385-3e06ca138a69}</UniqueIdentifier>
    </Filter>
    <Filter Include="Shader\3D">
      <UniqueIdentifier>{fd2579ac-b15c-4bd9-8cdf-18b66e56edc2}</UniqueIdentifier>
    </Filter>
    <Filter Include="Shader\2D">
      <UniqueIdentifier>{e0683dd9-83ad-4428-8a0d-6f8f8ea450ea}</UniqueIdentifier>
    </Filter>
    <Filter Include="Shader\PostProcessing">
      <UniqueIdentifier>{1523bd4e-3c8e-4368-b0ce-1e71b8b43f13}</UniqueIdentifier>
    </Filter>
    <Filter Include="Tool\Managers">
      <UniqueIdentifier>{23a5047b-d01b-4eb1-b7ca-3ff05f5b0ea3}</UniqueIdentifier>
    </Filter>
    <Filter Include="Tool\Art">
      <UniqueIdentifier>{e88c6988-acb6-44fd-809b-e543f7983bd6}</UniqueIdentifier>
    </Filter>
    <Filter Include="Scene">
      <UniqueIdentifier>{23f339cf-3aaa-4a47-af91-e227aadc772c}</UniqueIdentifier>
    </Filter>
    <Filter Include="Scene\Core">
      <UniqueIdentifier>{93ee0b2c-46ca-41b5-890e-ebf14623128d}</UniqueIdentifier>
    </Filter>
    <Filter Include="Object\Attack\ModuleSystem\AttackMaker">
      <UniqueIdentifier>{3bcc2285-3e7d-4811-b77f-cd151223fcdf}</UniqueIdentifier>
    </Filter>
  </ItemGroup>
  <ItemGroup>
    <ClCompile Include="imgui\imgui_widgets.cpp">
      <Filter>Tool\Imgui</Filter>
    </ClCompile>
    <ClCompile Include="imgui\imgui.cpp">
      <Filter>Tool\Imgui</Filter>
    </ClCompile>
    <ClCompile Include="imgui\imgui_demo.cpp">
      <Filter>Tool\Imgui</Filter>
    </ClCompile>
    <ClCompile Include="imgui\imgui_draw.cpp">
      <Filter>Tool\Imgui</Filter>
    </ClCompile>
    <ClCompile Include="imgui\imgui_impl_dx11.cpp">
      <Filter>Tool\Imgui</Filter>
    </ClCompile>
    <ClCompile Include="imgui\imgui_impl_win32.cpp">
      <Filter>Tool\Imgui</Filter>
    </ClCompile>
    <ClCompile Include="ImguiManager.cpp">
      <Filter>Tool\Imgui\Manager</Filter>
    </ClCompile>
    <ClCompile Include="DxgiInfoManager.cpp">
      <Filter>Framework\Helpers\Exception</Filter>
    </ClCompile>
    <ClCompile Include="ExceptionBase.cpp">
      <Filter>Framework\Helpers\Exception</Filter>
    </ClCompile>
    <ClCompile Include="ModelException.cpp">
      <Filter>Framework\Helpers\Exception</Filter>
    </ClCompile>
    <ClCompile Include="RenderGraphCompileException.cpp">
      <Filter>Framework\Helpers\Exception</Filter>
    </ClCompile>
    <ClCompile Include="ScriptCommander.cpp">
      <Filter>Framework\Helpers\Exception</Filter>
    </ClCompile>
    <ClCompile Include="WindowsMessageMap.cpp">
      <Filter>Framework\Window</Filter>
    </ClCompile>
    <ClCompile Include="Window.cpp">
      <Filter>Framework\Window</Filter>
    </ClCompile>
    <ClCompile Include="SoundCodex.cpp">
      <Filter>Framework\Helpers\Sound</Filter>
    </ClCompile>
    <ClCompile Include="Gamepad.cpp">
      <Filter>Framework\Helpers\Input</Filter>
    </ClCompile>
    <ClCompile Include="InputCodex.cpp">
      <Filter>Framework\Helpers\Input</Filter>
    </ClCompile>
    <ClCompile Include="Keyboard.cpp">
      <Filter>Framework\Helpers\Input</Filter>
    </ClCompile>
    <ClCompile Include="Mouse.cpp">
      <Filter>Framework\Helpers\Input</Filter>
    </ClCompile>
    <ClCompile Include="GraphicsResource.cpp">
      <Filter>Framework\Graphics</Filter>
    </ClCompile>
    <ClCompile Include="Graphics.cpp">
      <Filter>Framework\Graphics</Filter>
    </ClCompile>
    <ClCompile Include="Job.cpp">
      <Filter>Framework\Graphics\GraphPass</Filter>
    </ClCompile>
    <ClCompile Include="RenderGraph.cpp">
      <Filter>Framework\Graphics\GraphPass</Filter>
    </ClCompile>
    <ClCompile Include="Step.cpp">
      <Filter>Framework\Graphics\GraphPass</Filter>
    </ClCompile>
    <ClCompile Include="StepLinkingProbe.cpp">
      <Filter>Framework\Graphics\GraphPass</Filter>
    </ClCompile>
    <ClCompile Include="Technique.cpp">
      <Filter>Framework\Graphics\GraphPass</Filter>
    </ClCompile>
    <ClCompile Include="VerticalBlurPass.cpp">
      <Filter>Framework\Graphics\GraphPass\PassLib</Filter>
    </ClCompile>
    <ClCompile Include="BufferClearPass.cpp">
      <Filter>Framework\Graphics\GraphPass\PassLib</Filter>
    </ClCompile>
    <ClCompile Include="HorizontalBlurPass.cpp">
      <Filter>Framework\Graphics\GraphPass\PassLib</Filter>
    </ClCompile>
    <ClCompile Include="BindingPass.cpp">
      <Filter>Framework\Graphics\GraphPass\PassLib\Base</Filter>
    </ClCompile>
    <ClCompile Include="FullscreenPass.cpp">
      <Filter>Framework\Graphics\GraphPass\PassLib\Base</Filter>
    </ClCompile>
    <ClCompile Include="Pass.cpp">
      <Filter>Framework\Graphics\GraphPass\PassLib\Base</Filter>
    </ClCompile>
    <ClCompile Include="RenderQueuePass.cpp">
      <Filter>Framework\Graphics\GraphPass\PassLib\Base</Filter>
    </ClCompile>
    <ClCompile Include="Sink.cpp">
      <Filter>Framework\Graphics\GraphPass\PassLib\Base</Filter>
    </ClCompile>
    <ClCompile Include="Source.cpp">
      <Filter>Framework\Graphics\GraphPass\PassLib\Base</Filter>
    </ClCompile>
    <ClCompile Include="CubeWireframe.cpp">
      <Filter>Framework\Graphics\Drawable</Filter>
    </ClCompile>
    <ClCompile Include="SphereWireframe.cpp">
      <Filter>Framework\Graphics\Drawable</Filter>
    </ClCompile>
    <ClCompile Include="CapsuleWireframe.cpp">
      <Filter>Framework\Graphics\Drawable</Filter>
    </ClCompile>
    <ClCompile Include="Drawable.cpp">
      <Filter>Framework\Graphics\Drawable</Filter>
    </ClCompile>
    <ClCompile Include="PointLight.cpp">
      <Filter>Framework\Graphics\Drawable</Filter>
    </ClCompile>
    <ClCompile Include="SolidSphere.cpp">
      <Filter>Framework\Graphics\Drawable</Filter>
    </ClCompile>
    <ClCompile Include="Camera.cpp">
      <Filter>Framework\Graphics\Drawable\Camera</Filter>
    </ClCompile>
    <ClCompile Include="CameraContainer.cpp">
      <Filter>Framework\Graphics\Drawable\Camera</Filter>
    </ClCompile>
    <ClCompile Include="CameraIndicator.cpp">
      <Filter>Framework\Graphics\Drawable\Camera</Filter>
    </ClCompile>
    <ClCompile Include="Frustum.cpp">
      <Filter>Framework\Graphics\Drawable\Camera</Filter>
    </ClCompile>
    <ClCompile Include="Projection.cpp">
      <Filter>Framework\Graphics\Drawable\Camera</Filter>
    </ClCompile>
    <ClCompile Include="CubeTexture.cpp">
      <Filter>Framework\Graphics\Bindable\Shadow</Filter>
    </ClCompile>
    <ClCompile Include="ShadowRasterizer.cpp">
      <Filter>Framework\Graphics\Bindable\Shadow</Filter>
    </ClCompile>
    <ClCompile Include="ShadowSampler.cpp">
      <Filter>Framework\Graphics\Bindable\Shadow</Filter>
    </ClCompile>
    <ClCompile Include="DepthStencil.cpp">
      <Filter>Framework\Graphics\Bindable\RenderRelated</Filter>
    </ClCompile>
    <ClCompile Include="RenderTarget.cpp">
      <Filter>Framework\Graphics\Bindable\RenderRelated</Filter>
    </ClCompile>
    <ClCompile Include="DynamicConstant.cpp">
      <Filter>Framework\Graphics\Bindable\ShaderDynamics</Filter>
    </ClCompile>
    <ClCompile Include="DynamicVertex.cpp">
      <Filter>Framework\Graphics\Bindable\ShaderDynamics</Filter>
    </ClCompile>
    <ClCompile Include="LayoutCodex.cpp">
      <Filter>Framework\Graphics\Bindable\ShaderDynamics</Filter>
    </ClCompile>
    <ClCompile Include="Blender.cpp">
      <Filter>Framework\Graphics\Bindable\Core</Filter>
    </ClCompile>
    <ClCompile Include="IndexBuffer.cpp">
      <Filter>Framework\Graphics\Bindable\Core</Filter>
    </ClCompile>
    <ClCompile Include="InputLayout.cpp">
      <Filter>Framework\Graphics\Bindable\Core</Filter>
    </ClCompile>
    <ClCompile Include="NullPixelShader.cpp">
      <Filter>Framework\Graphics\Bindable\Core</Filter>
    </ClCompile>
    <ClCompile Include="PixelShader.cpp">
      <Filter>Framework\Graphics\Bindable\Core</Filter>
    </ClCompile>
    <ClCompile Include="Rasterizer.cpp">
      <Filter>Framework\Graphics\Bindable\Core</Filter>
    </ClCompile>
    <ClCompile Include="Sampler.cpp">
      <Filter>Framework\Graphics\Bindable\Core</Filter>
    </ClCompile>
    <ClCompile Include="Texture.cpp">
      <Filter>Framework\Graphics\Bindable\Core</Filter>
    </ClCompile>
    <ClCompile Include="TexturePreprocessor.cpp">
      <Filter>Framework\Graphics\Bindable\Core</Filter>
    </ClCompile>
    <ClCompile Include="Topology.cpp">
      <Filter>Framework\Graphics\Bindable\Core</Filter>
    </ClCompile>
    <ClCompile Include="VertexBuffer.cpp">
      <Filter>Framework\Graphics\Bindable\Core</Filter>
    </ClCompile>
    <ClCompile Include="VertexShader.cpp">
      <Filter>Framework\Graphics\Bindable\Core</Filter>
    </ClCompile>
    <ClCompile Include="DynamicVertexBuffer.cpp">
      <Filter>Framework\Graphics\Bindable\ConstantBuffers</Filter>
    </ClCompile>
    <ClCompile Include="ShadowCameraCbuf.cpp">
      <Filter>Framework\Graphics\Bindable\ConstantBuffers</Filter>
    </ClCompile>
    <ClCompile Include="Transform2DCbuf.cpp">
      <Filter>Framework\Graphics\Bindable\ConstantBuffers</Filter>
    </ClCompile>
    <ClCompile Include="TransformCbuf.cpp">
      <Filter>Framework\Graphics\Bindable\ConstantBuffers</Filter>
    </ClCompile>
    <ClCompile Include="Player.cpp">
      <Filter>Object\Character\Player</Filter>
    </ClCompile>
    <ClCompile Include="Character.cpp">
      <Filter>Object\Character</Filter>
    </ClCompile>
    <ClCompile Include="EnemyManager.cpp">
      <Filter>Tool\Managers</Filter>
    </ClCompile>
    <ClCompile Include="EnvironmentManager.cpp">
      <Filter>Tool\Managers</Filter>
    </ClCompile>
    <ClCompile Include="Enemy_T.cpp">
      <Filter>Object\Character\Enemy</Filter>
    </ClCompile>
    <ClCompile Include="Player_Shape.cpp">
      <Filter>Object\Shapes</Filter>
    </ClCompile>
    <ClCompile Include="Field_Shape.cpp">
      <Filter>Object\Shapes</Filter>
    </ClCompile>
    <ClCompile Include="Ball_Shape.cpp">
      <Filter>Object\Shapes</Filter>
    </ClCompile>
    <ClCompile Include="AttackManager.cpp">
      <Filter>Tool\Managers</Filter>
    </ClCompile>
    <ClCompile Include="Attack.cpp">
      <Filter>Object\Attack</Filter>
    </ClCompile>
    <ClCompile Include="Enemy_T_Shape.cpp">
      <Filter>Object\Shapes</Filter>
    </ClCompile>
    <ClCompile Include="Sprite2D.cpp">
      <Filter>Framework\Graphics\Drawable\Sprites</Filter>
    </ClCompile>
    <ClCompile Include="Sprite2DPolygon.cpp">
      <Filter>Framework\Graphics\Drawable\Sprites</Filter>
    </ClCompile>
    <ClCompile Include="Sprite3D.cpp">
      <Filter>Framework\Graphics\Drawable\Sprites</Filter>
    </ClCompile>
    <ClCompile Include="Sprite3DNoLit.cpp">
      <Filter>Framework\Graphics\Drawable\Sprites</Filter>
    </ClCompile>
    <ClCompile Include="Sprite.cpp">
      <Filter>Framework\Graphics\Drawable\Sprites</Filter>
    </ClCompile>
    <ClCompile Include="WinMain.cpp">
      <Filter>Framework\Main</Filter>
    </ClCompile>
    <ClCompile Include="ComRuntime.cpp">
      <Filter>Framework\Main</Filter>
    </ClCompile>
    <ClCompile Include="Canvas.cpp">
      <Filter>Framework\Graphics\Drawable\Canvas</Filter>
    </ClCompile>
    <ClCompile Include="Canvas2D.cpp">
      <Filter>Framework\Graphics\Drawable\Canvas</Filter>
    </ClCompile>
    <ClCompile Include="Canvas2DSpriteUV.cpp">
      <Filter>Framework\Graphics\Drawable\Canvas</Filter>
    </ClCompile>
    <ClCompile Include="Canvas3D.cpp">
      <Filter>Framework\Graphics\Drawable\Canvas</Filter>
    </ClCompile>
    <ClCompile Include="CanvasTexture.cpp">
      <Filter>Framework\Graphics\Bindable\ConstantBuffers</Filter>
    </ClCompile>
    <ClCompile Include="DWriteCustomFontCollection.cpp">
      <Filter>Framework\Helpers\Text</Filter>
    </ClCompile>
    <ClCompile Include="DWriteLayoutRenderer.cpp">
      <Filter>Framework\Helpers\Text</Filter>
    </ClCompile>
    <ClCompile Include="RichText.cpp">
      <Filter>Framework\Helpers\Text</Filter>
    </ClCompile>
    <ClCompile Include="TextCodex.cpp">
      <Filter>Framework\Helpers\Text</Filter>
    </ClCompile>
    <ClCompile Include="TextDrawContext.cpp">
      <Filter>Framework\Helpers\Text</Filter>
    </ClCompile>
    <ClCompile Include="TextRenderer.cpp">
      <Filter>Framework\Helpers\Text</Filter>
    </ClCompile>
    <ClCompile Include="FocusManager.cpp">
      <Filter>Framework\UI\Base</Filter>
    </ClCompile>
    <ClCompile Include="GamepadUiInputAdapter.cpp">
      <Filter>Framework\UI\Input</Filter>
    </ClCompile>
    <ClCompile Include="KeyboardUiInputAdapter.cpp">
      <Filter>Framework\UI\Input</Filter>
    </ClCompile>
    <ClCompile Include="MouseUiInputAdapter.cpp">
      <Filter>Framework\UI\Input</Filter>
    </ClCompile>
    <ClCompile Include="ButtonCanvasView.cpp">
      <Filter>Framework\UI\Widget\Button</Filter>
    </ClCompile>
    <ClCompile Include="UiButton.cpp">
      <Filter>Framework\UI\Widget\Button</Filter>
    </ClCompile>
    <ClCompile Include="TextFieldCanvasComponent.cpp">
      <Filter>Framework\UI\Component</Filter>
    </ClCompile>
    <ClCompile Include="UiRoot.cpp">
      <Filter>Framework\UI\Base</Filter>
    </ClCompile>
    <ClCompile Include="ToggleCanvasComponent.cpp">
      <Filter>Framework\UI\Component</Filter>
    </ClCompile>
    <ClCompile Include="ButtonCanvasComponent.cpp">
      <Filter>Framework\UI\Component</Filter>
    </ClCompile>
    <ClCompile Include="SliderCanvasComponent.cpp">
      <Filter>Framework\UI\Component</Filter>
    </ClCompile>
    <ClCompile Include="DynamicCubeTexture.cpp">
      <Filter>Framework\Graphics\Bindable\ConstantBuffers\Provides</Filter>
    </ClCompile>
    <ClCompile Include="SpriteUVCbuf.cpp">
      <Filter>Framework\Graphics\Bindable\ConstantBuffers\Provides</Filter>
    </ClCompile>
    <ClCompile Include="DynamicTexture.cpp">
      <Filter>Framework\Graphics\Bindable\ConstantBuffers\Provides</Filter>
    </ClCompile>
    <ClCompile Include="DynamicTexture.h">
      <Filter>Framework\Graphics\Bindable\ConstantBuffers\Provides</Filter>
    </ClCompile>
    <ClCompile Include="RingParamsCbuf.cpp">
      <Filter>Framework\Graphics\Bindable\ConstantBuffers\Provides</Filter>
    </ClCompile>
    <ClCompile Include="Timer.cpp">
      <Filter>Framework\Helpers\Time</Filter>
    </ClCompile>
    <ClCompile Include="TimeCodex.cpp">
      <Filter>Framework\Helpers\Time</Filter>
    </ClCompile>
    <ClCompile Include="TimeCbuf_PS.cpp">
      <Filter>Framework\Graphics\Bindable\ConstantBuffers</Filter>
    </ClCompile>
    <ClCompile Include="TimeCbuf_VS.cpp">
      <Filter>Framework\Graphics\Bindable\ConstantBuffers</Filter>
    </ClCompile>
    <ClCompile Include="Util.cpp">
      <Filter>Framework\Helpers\Text</Filter>
    </ClCompile>
    <ClCompile Include="Surface.cpp">
      <Filter>Framework\Helpers\Texture</Filter>
    </ClCompile>
    <ClCompile Include="XMath.cpp">
      <Filter>Framework\Helpers\Mathematics</Filter>
    </ClCompile>
    <ClCompile Include="Transformation.cpp">
      <Filter>Framework\Helpers\Mathematics</Filter>
    </ClCompile>
    <ClCompile Include="ObjectBase.cpp">
      <Filter>Object</Filter>
    </ClCompile>
    <ClCompile Include="Collision3D.cpp">
      <Filter>Framework\Helpers\Mathematics</Filter>
    </ClCompile>
    <ClCompile Include="Collision2D.cpp">
      <Filter>Framework\Helpers\Mathematics</Filter>
    </ClCompile>
    <ClCompile Include="SliderCanvasFill.cpp">
      <Filter>Framework\UI\Widget\Slider</Filter>
    </ClCompile>
    <ClCompile Include="SliderCanvasView.cpp">
      <Filter>Framework\UI\Widget\Slider</Filter>
    </ClCompile>
    <ClCompile Include="UiSlider.cpp">
      <Filter>Framework\UI\Widget\Slider</Filter>
    </ClCompile>
    <ClCompile Include="UiToggle.cpp">
      <Filter>Framework\UI\Widget\Toggle</Filter>
    </ClCompile>
    <ClCompile Include="ToggleCanvasView.cpp">
      <Filter>Framework\UI\Widget\Toggle</Filter>
    </ClCompile>
    <ClCompile Include="DropdownCanvasView.cpp">
      <Filter>Framework\UI\Widget\Dropdown</Filter>
    </ClCompile>
    <ClCompile Include="DropdownListItemCanvasView.cpp">
      <Filter>Framework\UI\Widget\Dropdown</Filter>
    </ClCompile>
    <ClCompile Include="UiDropdown.cpp">
      <Filter>Framework\UI\Widget\Dropdown</Filter>
    </ClCompile>
    <ClCompile Include="DropdownCanvasComponent.cpp">
      <Filter>Framework\UI\Component</Filter>
    </ClCompile>
    <ClCompile Include="StepperCanvasComponent.cpp">
      <Filter>Framework\UI\Widget\Stepper</Filter>
    </ClCompile>
    <ClCompile Include="StepperCanvasView.cpp">
      <Filter>Framework\UI\Widget\Stepper</Filter>
    </ClCompile>
    <ClCompile Include="UiStepper.cpp">
      <Filter>Framework\UI\Widget\Stepper</Filter>
    </ClCompile>
    <ClCompile Include="TextFieldCanvasView.cpp">
      <Filter>Framework\UI\Widget\TextField</Filter>
    </ClCompile>
    <ClCompile Include="UiTextField.cpp">
      <Filter>Framework\UI\Widget\TextField</Filter>
    </ClCompile>
    <ClCompile Include="UiOptionList.cpp">
      <Filter>Framework\UI\Widget\Others</Filter>
    </ClCompile>
    <ClCompile Include="UiUtf8EditBuffer.cpp">
      <Filter>Framework\UI\Widget\Others</Filter>
    </ClCompile>
    <ClCompile Include="VisualComponent.cpp">
      <Filter>Object\Components</Filter>
    </ClCompile>
    <ClCompile Include="BoxColliderComponent.cpp">
      <Filter>Object\Components\Colliders</Filter>
    </ClCompile>
    <ClCompile Include="CapsuleColliderComponent.cpp">
      <Filter>Object\Components\Colliders</Filter>
    </ClCompile>
    <ClCompile Include="ColliderComponentBase.cpp">
      <Filter>Object\Components\Colliders</Filter>
    </ClCompile>
    <ClCompile Include="SphereColliderComponent.cpp">
      <Filter>Object\Components\Colliders</Filter>
    </ClCompile>
    <ClCompile Include="Canvas2DRipples.cpp">
      <Filter>Framework\Graphics\Drawable\Canvas</Filter>
    </ClCompile>
    <ClCompile Include="NodeInfoPanel.cpp">
      <Filter>Object\Attack\ModuleSystem\ModuleNode</Filter>
    </ClCompile>
    <ClCompile Include="ModuleField.cpp">
      <Filter>Object\Attack\ModuleSystem\ModuleZone</Filter>
    </ClCompile>
    <ClCompile Include="ModuleFieldCanvas.cpp">
      <Filter>Object\Attack\ModuleSystem\ModuleZone</Filter>
    </ClCompile>
    <ClCompile Include="ModuleWarehouse.cpp">
      <Filter>Object\Attack\ModuleSystem\ModuleZone</Filter>
    </ClCompile>
    <ClCompile Include="ModuleWorkbench.cpp">
      <Filter>Object\Attack\ModuleSystem\ModuleZone</Filter>
    </ClCompile>
    <ClCompile Include="ZoneLayoutEditor.cpp">
      <Filter>Object\Attack\ModuleSystem\ModuleZone</Filter>
    </ClCompile>
    <ClCompile Include="ModuleNodeInfoCopy.cpp">
      <Filter>Object\Attack\ModuleSystem\ModuleNode</Filter>
    </ClCompile>
    <ClCompile Include="ModuleNodeFactory.cpp">
      <Filter>Object\Attack\ModuleSystem\ModuleNode</Filter>
    </ClCompile>
    <ClCompile Include="IModuleNode.cpp">
      <Filter>Object\Attack\ModuleSystem\ModuleNode</Filter>
    </ClCompile>
    <ClCompile Include="ModuleShop.cpp">
      <Filter>Object\Attack\ModuleSystem\ModuleZone</Filter>
    </ClCompile>
    <ClCompile Include="IModuleZone.cpp">
      <Filter>Object\Attack\ModuleSystem\ModuleZone</Filter>
    </ClCompile>
    <ClCompile Include="WaveDirector.cpp">
      <Filter>Tool\GameArrangement</Filter>
    </ClCompile>
    <ClCompile Include="DeferredDisableQueue.cpp">
      <Filter>Tool\GameArrangement</Filter>
    </ClCompile>
    <ClCompile Include="UI_CombatHud.cpp">
      <Filter>UI</Filter>
    </ClCompile>
    <ClCompile Include="UI_Pause.cpp">
      <Filter>UI</Filter>
    </ClCompile>
    <ClCompile Include="UiCopy.cpp">
      <Filter>UI</Filter>
    </ClCompile>
    <ClCompile Include="UI_Setting.cpp">
      <Filter>UI</Filter>
    </ClCompile>
    <ClCompile Include="SettingsStore.cpp">
      <Filter>Tool</Filter>
    </ClCompile>
    <ClCompile Include="GameRenderGraph.cpp">
      <Filter>Framework\Graphics\GraphPass\GraphLib</Filter>
    </ClCompile>
    <ClCompile Include="UserInterfaceRenderGraph.cpp">
      <Filter>Framework\Graphics\GraphPass\GraphLib</Filter>
    </ClCompile>
    <ClCompile Include="TitleScene.cpp">
      <Filter>Scene</Filter>
    </ClCompile>
    <ClCompile Include="ResultScene.cpp">
      <Filter>Scene</Filter>
    </ClCompile>
    <ClCompile Include="DisplaySettings.cpp">
      <Filter>Scene</Filter>
    </ClCompile>
    <ClCompile Include="SceneDirector.cpp">
      <Filter>Scene\Core</Filter>
    </ClCompile>
    <ClCompile Include="GameScene.cpp">
      <Filter>Scene</Filter>
    </ClCompile>
    <ClCompile Include="LoopMain.cpp">
      <Filter>Framework\Main</Filter>
    </ClCompile>
    <ClCompile Include="Enemy.cpp">
      <Filter>Object\Character\Enemy</Filter>
    </ClCompile>
    <ClCompile Include="Module_Other_Revive.cpp">
      <Filter>Object\Attack\ModuleSystem\Module</Filter>
    </ClCompile>
  </ItemGroup>
  <ItemGroup>
    <ClInclude Include="imgui\imstb_truetype.h">
      <Filter>Tool\Imgui</Filter>
    </ClInclude>
    <ClInclude Include="imgui\imstb_textedit.h">
      <Filter>Tool\Imgui</Filter>
    </ClInclude>
    <ClInclude Include="imgui\imstb_rectpack.h">
      <Filter>Tool\Imgui</Filter>
    </ClInclude>
    <ClInclude Include="imgui\imgui_internal.h">
      <Filter>Tool\Imgui</Filter>
    </ClInclude>
    <ClInclude Include="imgui\imgui_impl_win32.h">
      <Filter>Tool\Imgui</Filter>
    </ClInclude>
    <ClInclude Include="imgui\imgui_impl_dx11.h">
      <Filter>Tool\Imgui</Filter>
    </ClInclude>
    <ClInclude Include="imgui\imgui.h">
      <Filter>Tool\Imgui</Filter>
    </ClInclude>
    <ClInclude Include="imgui\imconfig.h">
      <Filter>Tool\Imgui</Filter>
    </ClInclude>
    <ClInclude Include="IndexedTriangleList.h">
      <Filter>Framework\Graphics\Drawable\Geometry</Filter>
    </ClInclude>
    <ClInclude Include="Step.h">
      <Filter>Framework\Graphics\GraphPass</Filter>
    </ClInclude>
    <ClInclude Include="Technique.h">
      <Filter>Framework\Graphics\GraphPass</Filter>
    </ClInclude>
    <ClInclude Include="Job.h">
      <Filter>Framework\Graphics\GraphPass</Filter>
    </ClInclude>
    <ClInclude Include="TechniqueProbe.h">
      <Filter>Framework\Graphics\GraphPass</Filter>
    </ClInclude>
    <ClInclude Include="Sphere.h">
      <Filter>Framework\Graphics\Drawable\Geometry</Filter>
    </ClInclude>
    <ClInclude Include="Cube.h">
      <Filter>Framework\Graphics\Drawable\Geometry</Filter>
    </ClInclude>
    <ClInclude Include="GraphicsThrowMacros.h">
      <Filter>Framework\Helpers\Exception\Macros</Filter>
    </ClInclude>
    <ClInclude Include="Plane.h">
      <Filter>Framework\Graphics\Drawable\Geometry</Filter>
    </ClInclude>
    <ClInclude Include="WindowsThrowMacros.h">
      <Filter>Framework\Helpers\Exception\Macros</Filter>
    </ClInclude>
    <ClInclude Include="Drawable.h">
      <Filter>Framework\Graphics\Drawable</Filter>
    </ClInclude>
    <ClInclude Include="BufferClearPass.h">
      <Filter>Framework\Graphics\GraphPass\PassLib</Filter>
    </ClInclude>
    <ClInclude Include="LambertianPass.h">
      <Filter>Framework\Graphics\GraphPass\PassLib</Filter>
    </ClInclude>
    <ClInclude Include="StepLinkingProbe.h">
      <Filter>Framework\Graphics\GraphPass</Filter>
    </ClInclude>
    <ClInclude Include="BindingPass.h">
      <Filter>Framework\Graphics\GraphPass\PassLib\Base</Filter>
    </ClInclude>
    <ClInclude Include="FullscreenPass.h">
      <Filter>Framework\Graphics\GraphPass\PassLib\Base</Filter>
    </ClInclude>
    <ClInclude Include="Pass.h">
      <Filter>Framework\Graphics\GraphPass\PassLib\Base</Filter>
    </ClInclude>
    <ClInclude Include="RenderQueuePass.h">
      <Filter>Framework\Graphics\GraphPass\PassLib\Base</Filter>
    </ClInclude>
    <ClInclude Include="OutlineMaskGenerationPass.h">
      <Filter>Framework\Graphics\GraphPass\PassLib</Filter>
    </ClInclude>
    <ClInclude Include="OutlineDrawingPass.h">
      <Filter>Framework\Graphics\GraphPass\PassLib</Filter>
    </ClInclude>
    <ClInclude Include="VerticalBlurPass.h">
      <Filter>Framework\Graphics\GraphPass\PassLib</Filter>
    </ClInclude>
    <ClInclude Include="HorizontalBlurPass.h">
      <Filter>Framework\Graphics\GraphPass\PassLib</Filter>
    </ClInclude>
    <ClInclude Include="Source.h">
      <Filter>Framework\Graphics\GraphPass\PassLib\Base</Filter>
    </ClInclude>
    <ClInclude Include="Sink.h">
      <Filter>Framework\Graphics\GraphPass\PassLib\Base</Filter>
    </ClInclude>
    <ClInclude Include="WireframePass.h">
      <Filter>Framework\Graphics\GraphPass\PassLib</Filter>
    </ClInclude>
    <ClInclude Include="ShadowMappingPass.h">
      <Filter>Framework\Graphics\GraphPass\PassLib</Filter>
    </ClInclude>
    <ClInclude Include="SkyboxPass.h">
      <Filter>Framework\Graphics\GraphPass\PassLib</Filter>
    </ClInclude>
    <ClInclude Include="ShadowRasterizer.h">
      <Filter>Framework\Graphics\Bindable\Shadow</Filter>
    </ClInclude>
    <ClInclude Include="ShadowSampler.h">
      <Filter>Framework\Graphics\Bindable\Shadow</Filter>
    </ClInclude>
    <ClInclude Include="ShadowCameraCbuf.h">
      <Filter>Framework\Graphics\Bindable\ConstantBuffers</Filter>
    </ClInclude>
    <ClInclude Include="TransformCbuf.h">
      <Filter>Framework\Graphics\Bindable\ConstantBuffers</Filter>
    </ClInclude>
    <ClInclude Include="Viewport.h">
      <Filter>Framework\Graphics\Bindable\Shadow</Filter>
    </ClInclude>
    <ClInclude Include="BufferResource.h">
      <Filter>Framework\Graphics\Bindable\RenderRelated</Filter>
    </ClInclude>
    <ClInclude Include="DepthStencil.h">
      <Filter>Framework\Graphics\Bindable\RenderRelated</Filter>
    </ClInclude>
    <ClInclude Include="RenderTarget.h">
      <Filter>Framework\Graphics\Bindable\RenderRelated</Filter>
    </ClInclude>
    <ClInclude Include="Channels.h">
      <Filter>Framework\Graphics\GraphPass</Filter>
    </ClInclude>
    <ClInclude Include="BlurOutlineDrawingPass.h">
      <Filter>Framework\Graphics\GraphPass\PassLib</Filter>
    </ClInclude>
    <ClInclude Include="DynamicVertex.h">
      <Filter>Framework\Graphics\Bindable\ShaderDynamics</Filter>
    </ClInclude>
    <ClInclude Include="DynamicConstant.h">
      <Filter>Framework\Graphics\Bindable\ShaderDynamics</Filter>
    </ClInclude>
    <ClInclude Include="LayoutCodex.h">
      <Filter>Framework\Graphics\Bindable\ShaderDynamics</Filter>
    </ClInclude>
    <ClInclude Include="DxgiInfoManager.h">
      <Filter>Framework\Helpers\Exception</Filter>
    </ClInclude>
    <ClInclude Include="ExceptionBase.h">
      <Filter>Framework\Helpers\Exception</Filter>
    </ClInclude>
    <ClInclude Include="ScriptCommander.h">
      <Filter>Framework\Helpers\Exception</Filter>
    </ClInclude>
    <ClInclude Include="HrUtils.h">
      <Filter>Framework\Helpers\Exception</Filter>
    </ClInclude>
    <ClInclude Include="ModelException.h">
      <Filter>Framework\Helpers\Exception</Filter>
    </ClInclude>
    <ClInclude Include="RenderGraphCompileException.h">
      <Filter>Framework\Helpers\Exception</Filter>
    </ClInclude>
    <ClInclude Include="Camera.h">
      <Filter>Framework\Graphics\Drawable\Camera</Filter>
    </ClInclude>
    <ClInclude Include="CameraContainer.h">
      <Filter>Framework\Graphics\Drawable\Camera</Filter>
    </ClInclude>
    <ClInclude Include="CameraIndicator.h">
      <Filter>Framework\Graphics\Drawable\Camera</Filter>
    </ClInclude>
    <ClInclude Include="Frustum.h">
      <Filter>Framework\Graphics\Drawable\Camera</Filter>
    </ClInclude>
    <ClInclude Include="ObjectBase.h">
      <Filter>Object</Filter>
    </ClInclude>
    <ClInclude Include="ObjectCodex.h">
      <Filter>Object</Filter>
    </ClInclude>
    <ClInclude Include="Character.h">
      <Filter>Object\Character</Filter>
    </ClInclude>
    <ClInclude Include="CubeWireframe.h">
      <Filter>Framework\Graphics\Drawable</Filter>
    </ClInclude>
    <ClInclude Include="SphereWireframe.h">
      <Filter>Framework\Graphics\Drawable</Filter>
    </ClInclude>
    <ClInclude Include="CapsuleWireframe.h">
      <Filter>Framework\Graphics\Drawable</Filter>
    </ClInclude>
    <ClInclude Include="Enemy.h">
      <Filter>Object\Character\Enemy</Filter>
    </ClInclude>
    <ClInclude Include="Projection.h">
      <Filter>Framework\Graphics\Drawable\Camera</Filter>
    </ClInclude>
    <ClInclude Include="PointLight.h">
      <Filter>Framework\Graphics\Drawable</Filter>
    </ClInclude>
    <ClInclude Include="UIPass.h">
      <Filter>Framework\Graphics\GraphPass\PassLib</Filter>
    </ClInclude>
    <ClInclude Include="Transform2DCbuf.h">
      <Filter>Framework\Graphics\Bindable\ConstantBuffers</Filter>
    </ClInclude>
    <ClInclude Include="Environment.h">
      <Filter>Object\Environment</Filter>
    </ClInclude>
    <ClInclude Include="Player.h">
      <Filter>Object\Character\Player</Filter>
    </ClInclude>
    <ClInclude Include="Effect.h">
      <Filter>Object\Effects</Filter>
    </ClInclude>
    <ClInclude Include="EnvironmentManager.h">
      <Filter>Tool\Managers</Filter>
    </ClInclude>
    <ClInclude Include="EnemyManager.h">
      <Filter>Tool\Managers</Filter>
    </ClInclude>
    <ClInclude Include="BindableCodex.h">
      <Filter>Framework\Graphics\Bindable</Filter>
    </ClInclude>
    <ClInclude Include="SoundCodex.h">
      <Filter>Framework\Helpers\Sound</Filter>
    </ClInclude>
    <ClInclude Include="SoundPaths.h">
      <Filter>Framework\Helpers\Sound</Filter>
    </ClInclude>
    <ClInclude Include="InputCodex.h">
      <Filter>Framework\Helpers\Input</Filter>
    </ClInclude>
    <ClInclude Include="Mouse.h">
      <Filter>Framework\Helpers\Input</Filter>
    </ClInclude>
    <ClInclude Include="Keyboard.h">
      <Filter>Framework\Helpers\Input</Filter>
    </ClInclude>
    <ClInclude Include="Graphics.h">
      <Filter>Framework\Graphics</Filter>
    </ClInclude>
    <ClInclude Include="GraphicsResource.h">
      <Filter>Framework\Graphics</Filter>
    </ClInclude>
    <ClInclude Include="Window.h">
      <Filter>Framework\Window</Filter>
    </ClInclude>
    <ClInclude Include="Win.h">
      <Filter>Framework\Window</Filter>
    </ClInclude>
    <ClInclude Include="WRL.h">
      <Filter>Framework\Window</Filter>
    </ClInclude>
    <ClInclude Include="ConditionalNoexcept.h">
      <Filter>Framework\Window</Filter>
    </ClInclude>
    <ClInclude Include="Color.h">
      <Filter>Framework\Graphics\Bindable\ShaderDynamics</Filter>
    </ClInclude>
    <ClInclude Include="ImguiManager.h">
      <Filter>Tool\Imgui\Manager</Filter>
    </ClInclude>
    <ClInclude Include="Gamepad.h">
      <Filter>Framework\Helpers\Input</Filter>
    </ClInclude>
    <ClInclude Include="GameStatsCodex.h">
      <Filter>Tool</Filter>
    </ClInclude>
    <ClInclude Include="SolidSphere.h">
      <Filter>Framework\Graphics\Drawable</Filter>
    </ClInclude>
    <ClInclude Include="LambertianTransparentPass.h">
      <Filter>Framework\Graphics\GraphPass\PassLib</Filter>
    </ClInclude>
    <ClInclude Include="DynamicVertexBuffer.h">
      <Filter>Framework\Graphics\Bindable\ConstantBuffers</Filter>
    </ClInclude>
    <ClInclude Include="Bindable.h">
      <Filter>Framework\Graphics\Bindable\Core</Filter>
    </ClInclude>
    <ClInclude Include="BindableCommon.h">
      <Filter>Framework\Graphics\Bindable\Core</Filter>
    </ClInclude>
    <ClInclude Include="Blender.h">
      <Filter>Framework\Graphics\Bindable\Core</Filter>
    </ClInclude>
    <ClInclude Include="ConstantBuffers.h">
      <Filter>Framework\Graphics\Bindable\Core</Filter>
    </ClInclude>
    <ClInclude Include="ConstantBuffersEx.h">
      <Filter>Framework\Graphics\Bindable\Core</Filter>
    </ClInclude>
    <ClInclude Include="CubeTexture.h">
      <Filter>Framework\Graphics\Bindable\Core</Filter>
    </ClInclude>
    <ClInclude Include="IndexBuffer.h">
      <Filter>Framework\Graphics\Bindable\Core</Filter>
    </ClInclude>
    <ClInclude Include="InputLayout.h">
      <Filter>Framework\Graphics\Bindable\Core</Filter>
    </ClInclude>
    <ClInclude Include="NullPixelShader.h">
      <Filter>Framework\Graphics\Bindable\Core</Filter>
    </ClInclude>
    <ClInclude Include="PixelShader.h">
      <Filter>Framework\Graphics\Bindable\Core</Filter>
    </ClInclude>
    <ClInclude Include="Rasterizer.h">
      <Filter>Framework\Graphics\Bindable\Core</Filter>
    </ClInclude>
    <ClInclude Include="Sampler.h">
      <Filter>Framework\Graphics\Bindable\Core</Filter>
    </ClInclude>
    <ClInclude Include="Stencil.h">
      <Filter>Framework\Graphics\Bindable\Core</Filter>
    </ClInclude>
    <ClInclude Include="Texture.h">
      <Filter>Framework\Graphics\Bindable\Core</Filter>
    </ClInclude>
    <ClInclude Include="TexturePreprocessor.h">
      <Filter>Framework\Graphics\Bindable\Core</Filter>
    </ClInclude>
    <ClInclude Include="Topology.h">
      <Filter>Framework\Graphics\Bindable\Core</Filter>
    </ClInclude>
    <ClInclude Include="VertexBuffer.h">
      <Filter>Framework\Graphics\Bindable\Core</Filter>
    </ClInclude>
    <ClInclude Include="VertexShader.h">
      <Filter>Framework\Graphics\Bindable\Core</Filter>
    </ClInclude>
    <ClInclude Include="resource.h">
      <Filter>Framework\Window</Filter>
    </ClInclude>
    <ClInclude Include="Enemy_T.h">
      <Filter>Object\Character\Enemy</Filter>
    </ClInclude>
    <ClInclude Include="Field.h">
      <Filter>Object\Environment</Filter>
    </ClInclude>
    <ClInclude Include="Coin.h">
      <Filter>Object\Environment</Filter>
    </ClInclude>
    <ClInclude Include="Pyramid.h">
      <Filter>Framework\Graphics\Drawable\Geometry</Filter>
    </ClInclude>
    <ClInclude Include="Player_Shape.h">
      <Filter>Object\Shapes</Filter>
    </ClInclude>
    <ClInclude Include="Field_Shape.h">
      <Filter>Object\Shapes</Filter>
    </ClInclude>
    <ClInclude Include="Ball_Shape.h">
      <Filter>Object\Shapes</Filter>
    </ClInclude>
    <ClInclude Include="Attack.h">
      <Filter>Object\Attack</Filter>
    </ClInclude>
    <ClInclude Include="AttackManager.h">
      <Filter>Tool\Managers</Filter>
    </ClInclude>
    <ClInclude Include="Enemy_T_Shape.h">
      <Filter>Object\Shapes</Filter>
    </ClInclude>
    <ClInclude Include="Sprite3DNoLit.h">
      <Filter>Framework\Graphics\Drawable\Sprites</Filter>
    </ClInclude>
    <ClInclude Include="Sprite.h">
      <Filter>Framework\Graphics\Drawable\Sprites</Filter>
    </ClInclude>
    <ClInclude Include="Sprite2D.h">
      <Filter>Framework\Graphics\Drawable\Sprites</Filter>
    </ClInclude>
    <ClInclude Include="Sprite2DPolygon.h">
      <Filter>Framework\Graphics\Drawable\Sprites</Filter>
    </ClInclude>
    <ClInclude Include="Sprite3D.h">
      <Filter>Framework\Graphics\Drawable\Sprites</Filter>
    </ClInclude>
    <ClInclude Include="ComRuntime.h">
      <Filter>Framework\Main</Filter>
    </ClInclude>
    <ClInclude Include="Canvas3D.h">
      <Filter>Framework\Graphics\Drawable\Canvas</Filter>
    </ClInclude>
    <ClInclude Include="Canvas.h">
      <Filter>Framework\Graphics\Drawable\Canvas</Filter>
    </ClInclude>
    <ClInclude Include="Canvas2D.h">
      <Filter>Framework\Graphics\Drawable\Canvas</Filter>
    </ClInclude>
    <ClInclude Include="Canvas2DSpriteUV.h">
      <Filter>Framework\Graphics\Drawable\Canvas</Filter>
    </ClInclude>
    <ClInclude Include="DWriteCustomFontCollection.h">
      <Filter>Framework\Helpers\Text</Filter>
    </ClInclude>
    <ClInclude Include="DWriteLayoutRenderer.h">
      <Filter>Framework\Helpers\Text</Filter>
    </ClInclude>
    <ClInclude Include="RichText.h">
      <Filter>Framework\Helpers\Text</Filter>
    </ClInclude>
    <ClInclude Include="TextCodex.h">
      <Filter>Framework\Helpers\Text</Filter>
    </ClInclude>
    <ClInclude Include="TextDrawContext.h">
      <Filter>Framework\Helpers\Text</Filter>
    </ClInclude>
    <ClInclude Include="TextRenderer.h">
      <Filter>Framework\Helpers\Text</Filter>
    </ClInclude>
    <ClInclude Include="TextTypes.h">
      <Filter>Framework\Helpers\Text</Filter>
    </ClInclude>
    <ClInclude Include="UiInputFrame.h">
      <Filter>Framework\UI\Base</Filter>
    </ClInclude>
    <ClInclude Include="UiTypes.h">
      <Filter>Framework\UI\Base</Filter>
    </ClInclude>
    <ClInclude Include="FocusTypes.h">
      <Filter>Framework\UI\Base</Filter>
    </ClInclude>
    <ClInclude Include="FocusManager.h">
      <Filter>Framework\UI\Base</Filter>
    </ClInclude>
    <ClInclude Include="GamepadUiInputAdapter.h">
      <Filter>Framework\UI\Input</Filter>
    </ClInclude>
    <ClInclude Include="KeyboardUiInputAdapter.h">
      <Filter>Framework\UI\Input</Filter>
    </ClInclude>
    <ClInclude Include="MouseUiInputAdapter.h">
      <Filter>Framework\UI\Input</Filter>
    </ClInclude>
    <ClInclude Include="ButtonCanvasView.h">
      <Filter>Framework\UI\Widget\Button</Filter>
    </ClInclude>
    <ClInclude Include="ButtonViewModel.h">
      <Filter>Framework\UI\Widget\Button</Filter>
    </ClInclude>
    <ClInclude Include="TextFieldCanvasComponent.h">
      <Filter>Framework\UI\Component</Filter>
    </ClInclude>
    <ClInclude Include="IUiComponent.h">
      <Filter>Framework\UI\Base</Filter>
    </ClInclude>
    <ClInclude Include="IUiLogic.h">
      <Filter>Framework\UI\Base</Filter>
    </ClInclude>
    <ClInclude Include="IUiView.h">
      <Filter>Framework\UI\Base</Filter>
    </ClInclude>
    <ClInclude Include="UiButton.h">
      <Filter>Framework\UI\Widget\Button</Filter>
    </ClInclude>
    <ClInclude Include="UiRoot.h">
      <Filter>Framework\UI\Base</Filter>
    </ClInclude>
    <ClInclude Include="ToggleCanvasComponent.h">
      <Filter>Framework\UI\Component</Filter>
    </ClInclude>
    <ClInclude Include="ButtonCanvasComponent.h">
      <Filter>Framework\UI\Component</Filter>
    </ClInclude>
    <ClInclude Include="SliderCanvasComponent.h">
      <Filter>Framework\UI\Component</Filter>
    </ClInclude>
    <ClInclude Include="UiVisualPhase.h">
      <Filter>Framework\UI\Base</Filter>
    </ClInclude>
    <ClInclude Include="UiPointerPressTracker.h">
      <Filter>Framework\UI\Base</Filter>
    </ClInclude>
    <ClInclude Include="UI_Setting.h">
      <Filter>UI</Filter>
    </ClInclude>
    <ClInclude Include="UI_Title.h">
      <Filter>UI</Filter>
    </ClInclude>
    <ClInclude Include="CanvasTexture.h">
      <Filter>Framework\Graphics\Bindable\ConstantBuffers</Filter>
    </ClInclude>
    <ClInclude Include="DynamicCubeTexture.h">
      <Filter>Framework\Graphics\Bindable\ConstantBuffers\Provides</Filter>
    </ClInclude>
    <ClInclude Include="SpriteUVCbuf.h">
      <Filter>Framework\Graphics\Bindable\ConstantBuffers\Provides</Filter>
    </ClInclude>
    <ClInclude Include="Provides.h">
      <Filter>Framework\Graphics\Bindable\ConstantBuffers\Provides</Filter>
    </ClInclude>
    <ClInclude Include="RingParamsCbuf.h">
      <Filter>Framework\Graphics\Bindable\ConstantBuffers\Provides</Filter>
    </ClInclude>
    <ClInclude Include="Timer.h">
      <Filter>Framework\Helpers\Time</Filter>
    </ClInclude>
    <ClInclude Include="TimeCodex.h">
      <Filter>Framework\Helpers\Time</Filter>
    </ClInclude>
    <ClInclude Include="TimeCbuf_PS.h">
      <Filter>Framework\Graphics\Bindable\ConstantBuffers</Filter>
    </ClInclude>
    <ClInclude Include="TimeCbuf_VS.h">
      <Filter>Framework\Graphics\Bindable\ConstantBuffers</Filter>
    </ClInclude>
    <ClInclude Include="Util.h">
      <Filter>Framework\Helpers\Text</Filter>
    </ClInclude>
    <ClInclude Include="PerfLog.h">
      <Filter>Framework\Helpers</Filter>
    </ClInclude>
    <ClInclude Include="Surface.h">
      <Filter>Framework\Helpers\Texture</Filter>
    </ClInclude>
    <ClInclude Include="Colors.h">
      <Filter>Framework\Helpers\Texture</Filter>
    </ClInclude>
    <ClInclude Include="XMath.h">
      <Filter>Framework\Helpers\Mathematics</Filter>
    </ClInclude>
    <ClInclude Include="Math.h">
      <Filter>Framework\Helpers\Mathematics</Filter>
    </ClInclude>
    <ClInclude Include="Transformation.h">
      <Filter>Framework\Helpers\Mathematics</Filter>
    </ClInclude>
    <ClInclude Include="Collision3D.h">
      <Filter>Framework\Helpers\Mathematics</Filter>
    </ClInclude>
    <ClInclude Include="Collision2D.h">
      <Filter>Framework\Helpers\Mathematics</Filter>
    </ClInclude>
    <ClInclude Include="SliderCanvasFill.h">
      <Filter>Framework\UI\Widget\Slider</Filter>
    </ClInclude>
    <ClInclude Include="SliderCanvasView.h">
      <Filter>Framework\UI\Widget\Slider</Filter>
    </ClInclude>
    <ClInclude Include="SliderGrooveLayout.h">
      <Filter>Framework\UI\Widget\Slider</Filter>
    </ClInclude>
    <ClInclude Include="SliderViewModel.h">
      <Filter>Framework\UI\Widget\Slider</Filter>
    </ClInclude>
    <ClInclude Include="UiSlider.h">
      <Filter>Framework\UI\Widget\Slider</Filter>
    </ClInclude>
    <ClInclude Include="UiToggle.h">
      <Filter>Framework\UI\Widget\Toggle</Filter>
    </ClInclude>
    <ClInclude Include="ToggleViewModel.h">
      <Filter>Framework\UI\Widget\Toggle</Filter>
    </ClInclude>
    <ClInclude Include="ToggleCanvasView.h">
      <Filter>Framework\UI\Widget\Toggle</Filter>
    </ClInclude>
    <ClInclude Include="DropdownCanvasTypes.h">
      <Filter>Framework\UI\Widget\Dropdown</Filter>
    </ClInclude>
    <ClInclude Include="DropdownCanvasView.h">
      <Filter>Framework\UI\Widget\Dropdown</Filter>
    </ClInclude>
    <ClInclude Include="DropdownListItemCanvasView.h">
      <Filter>Framework\UI\Widget\Dropdown</Filter>
    </ClInclude>
    <ClInclude Include="DropdownListItemViewModel.h">
      <Filter>Framework\UI\Widget\Dropdown</Filter>
    </ClInclude>
    <ClInclude Include="DropdownViewModel.h">
      <Filter>Framework\UI\Widget\Dropdown</Filter>
    </ClInclude>
    <ClInclude Include="IUiPopupConsumer.h">
      <Filter>Framework\UI\Widget\Dropdown</Filter>
    </ClInclude>
    <ClInclude Include="UiDropdown.h">
      <Filter>Framework\UI\Widget\Dropdown</Filter>
    </ClInclude>
    <ClInclude Include="DropdownCanvasComponent.h">
      <Filter>Framework\UI\Component</Filter>
    </ClInclude>
    <ClInclude Include="StepperCanvasComponent.h">
      <Filter>Framework\UI\Widget\Stepper</Filter>
    </ClInclude>
    <ClInclude Include="StepperCanvasView.h">
      <Filter>Framework\UI\Widget\Stepper</Filter>
    </ClInclude>
    <ClInclude Include="StepperViewModel.h">
      <Filter>Framework\UI\Widget\Stepper</Filter>
    </ClInclude>
    <ClInclude Include="UiStepper.h">
      <Filter>Framework\UI\Widget\Stepper</Filter>
    </ClInclude>
    <ClInclude Include="UI_Sample.h">
      <Filter>UI</Filter>
    </ClInclude>
    <ClInclude Include="TextFieldCanvasView.h">
      <Filter>Framework\UI\Widget\TextField</Filter>
    </ClInclude>
    <ClInclude Include="TextFieldViewModel.h">
      <Filter>Framework\UI\Widget\TextField</Filter>
    </ClInclude>
    <ClInclude Include="UiTextField.h">
      <Filter>Framework\UI\Widget\TextField</Filter>
    </ClInclude>
    <ClInclude Include="UiOptionList.h">
      <Filter>Framework\UI\Widget\Others</Filter>
    </ClInclude>
    <ClInclude Include="UiUtf8EditBuffer.h">
      <Filter>Framework\UI\Widget\Others</Filter>
    </ClInclude>
    <ClInclude Include="IComponent.h">
      <Filter>Object\Components</Filter>
    </ClInclude>
    <ClInclude Include="VisualComponent.h">
      <Filter>Object\Components</Filter>
    </ClInclude>
    <ClInclude Include="BoxColliderComponent.h">
      <Filter>Object\Components\Colliders</Filter>
    </ClInclude>
    <ClInclude Include="CapsuleColliderComponent.h">
      <Filter>Object\Components\Colliders</Filter>
    </ClInclude>
    <ClInclude Include="ColliderComponentBase.h">
      <Filter>Object\Components\Colliders</Filter>
    </ClInclude>
    <ClInclude Include="SphereColliderComponent.h">
      <Filter>Object\Components\Colliders</Filter>
    </ClInclude>
    <ClInclude Include="Canvas2DRipples.h">
      <Filter>Framework\Graphics\Drawable\Canvas</Filter>
    </ClInclude>
    <ClInclude Include="NodeInfoPanel.h">
      <Filter>Object\Attack\ModuleSystem\ModuleNode</Filter>
    </ClInclude>
    <ClInclude Include="Ball.h">
      <Filter>Object\Attack</Filter>
    </ClInclude>
    <ClInclude Include="ModuleField.h">
      <Filter>Object\Attack\ModuleSystem\ModuleZone</Filter>
    </ClInclude>
    <ClInclude Include="ModuleFieldCanvas.h">
      <Filter>Object\Attack\ModuleSystem\ModuleZone</Filter>
    </ClInclude>
    <ClInclude Include="ModuleWarehouse.h">
      <Filter>Object\Attack\ModuleSystem\ModuleZone</Filter>
    </ClInclude>
    <ClInclude Include="ModuleWorkbench.h">
      <Filter>Object\Attack\ModuleSystem\ModuleZone</Filter>
    </ClInclude>
    <ClInclude Include="ScanAssembler.h">
      <Filter>Object\Attack\ModuleSystem\ModuleZone</Filter>
    </ClInclude>
    <ClInclude Include="ScanWave.h">
      <Filter>Object\Attack\ModuleSystem\ModuleZone</Filter>
    </ClInclude>
    <ClInclude Include="IModuleZone.h">
      <Filter>Object\Attack\ModuleSystem\ModuleZone</Filter>
    </ClInclude>
    <ClInclude Include="ZoneLayoutEditor.h">
      <Filter>Object\Attack\ModuleSystem\ModuleZone</Filter>
    </ClInclude>
    <ClInclude Include="ModuleNodeInfoCopy.h">
      <Filter>Object\Attack\ModuleSystem\ModuleNode</Filter>
    </ClInclude>
    <ClInclude Include="ModuleNodes.h">
      <Filter>Object\Attack\ModuleSystem\ModuleNode</Filter>
    </ClInclude>
    <ClInclude Include="ModuleNodeFactory.h">
      <Filter>Object\Attack\ModuleSystem\ModuleNode</Filter>
    </ClInclude>
    <ClInclude Include="IModuleNode.h">
      <Filter>Object\Attack\ModuleSystem\ModuleNode</Filter>
    </ClInclude>
    <ClInclude Include="ModuleNodeLabel.h">
      <Filter>Object\Attack\ModuleSystem\ModuleNode</Filter>
    </ClInclude>
    <ClInclude Include="ModuleShop.h">
      <Filter>Object\Attack\ModuleSystem\ModuleZone</Filter>
    </ClInclude>
    <ClInclude Include="WaveRules.h">
      <Filter>Tool\GameArrangement</Filter>
    </ClInclude>
    <ClInclude Include="WaveDirector.h">
      <Filter>Tool\GameArrangement</Filter>
    </ClInclude>
    <ClInclude Include="DeferredDisableQueue.h">
      <Filter>Tool\GameArrangement</Filter>
    </ClInclude>
    <ClInclude Include="HierarchySpawn.h">
      <Filter>Tool\GameArrangement</Filter>
    </ClInclude>
    <ClInclude Include="UI_CombatHud.h">
      <Filter>UI</Filter>
    </ClInclude>
    <ClInclude Include="UI_Prep.h">
      <Filter>UI</Filter>
    </ClInclude>
    <ClInclude Include="UI_Pause.h">
      <Filter>UI</Filter>
    </ClInclude>
    <ClInclude Include="UiCopy.h">
      <Filter>UI</Filter>
    </ClInclude>
    <ClInclude Include="JsonTextCopy.h">
      <Filter>Framework\Helpers\Text</Filter>
    </ClInclude>
    <ClInclude Include="IconAtlas.h">
      <Filter>Tool\Art</Filter>
    </ClInclude>
    <ClInclude Include="AnimationInfo.h">
      <Filter>Tool\Art</Filter>
    </ClInclude>
    <ClInclude Include="CanvasPixelDraw.h">
      <Filter>Tool\Art</Filter>
    </ClInclude>
    <ClInclude Include="FSM.h">
      <Filter>Tool\Art</Filter>
    </ClInclude>
    <ClInclude Include="SettingsStore.h">
      <Filter>Tool</Filter>
    </ClInclude>
    <ClInclude Include="GameRenderGraph.h">
      <Filter>Framework\Graphics\GraphPass\GraphLib</Filter>
    </ClInclude>
    <ClInclude Include="UserInterfaceRenderGraph.h">
      <Filter>Framework\Graphics\GraphPass\GraphLib</Filter>
    </ClInclude>
    <ClInclude Include="TitleScene.h">
      <Filter>Scene</Filter>
    </ClInclude>
    <ClInclude Include="ResultScene.h">
      <Filter>Scene</Filter>
    </ClInclude>
    <ClInclude Include="DisplaySettings.h">
      <Filter>Scene</Filter>
    </ClInclude>
    <ClInclude Include="IScene.h">
      <Filter>Scene\Core</Filter>
    </ClInclude>
    <ClInclude Include="SceneDirector.h">
      <Filter>Scene\Core</Filter>
    </ClInclude>
    <ClInclude Include="GameScene.h">
      <Filter>Scene</Filter>
    </ClInclude>
    <ClInclude Include="LoopMain.h">
      <Filter>Framework\Main</Filter>
    </ClInclude>
    <ClInclude Include="RenderGraph.h">
      <Filter>Framework\Graphics\GraphPass</Filter>
    </ClInclude>
    <ClInclude Include="Stats.h">
      <Filter>Object</Filter>
    </ClInclude>
    <ClInclude Include="WindowsMessageMap.h">
      <Filter>Framework\Window</Filter>
    </ClInclude>
    <ClInclude Include="AttackStepRecord.h">
      <Filter>Object\Attack\ModuleSystem\AttackMaker</Filter>
    </ClInclude>
    <ClInclude Include="AttackDeployer.h">
      <Filter>Object\Attack\ModuleSystem\AttackMaker</Filter>
    </ClInclude>
    <ClInclude Include="AttackNodeSteps.h">
      <Filter>Object\Attack\ModuleSystem\AttackMaker</Filter>
    </ClInclude>
    <ClInclude Include="AttackContext.h">
      <Filter>Object\Attack\ModuleSystem\AttackMaker</Filter>
    </ClInclude>
    <ClInclude Include="IAttackNodeStep.h">
      <Filter>Object\Attack\ModuleSystem\AttackMaker</Filter>
    </ClInclude>
    <ClInclude Include="Module_Rule_Orbit.h">
      <Filter>Object\Attack\ModuleSystem\Module</Filter>
    </ClInclude>
    <ClInclude Include="Module_Attribute_DamageRate.h">
      <Filter>Object\Attack\ModuleSystem\Module</Filter>
    </ClInclude>
    <ClInclude Include="Module_Attribute_SizeRate.h">
      <Filter>Object\Attack\ModuleSystem\Module</Filter>
    </ClInclude>
    <ClInclude Include="Module_Attribute_Lifetime.h">
      <Filter>Object\Attack\ModuleSystem\Module</Filter>
    </ClInclude>
    <ClInclude Include="Module_Attribute_SpeedRate.h">
      <Filter>Object\Attack\ModuleSystem\Module</Filter>
    </ClInclude>
    <ClInclude Include="Module_Other_Revive.h">
      <Filter>Object\Attack\ModuleSystem\Module</Filter>
    </ClInclude>
    <ClInclude Include="Module_Rule_Return.h">
      <Filter>Object\Attack\ModuleSystem\Module</Filter>
    </ClInclude>
    <ClInclude Include="IModule.h">
      <Filter>Object\Attack\ModuleSystem\Module</Filter>
    </ClInclude>
    <ClInclude Include="NodeEvolveRecipes.h">
      <Filter>Object\Attack\ModuleSystem\ModuleNode</Filter>
    </ClInclude>
  </ItemGroup>
  <ItemGroup>
    <ResourceCompile Include="CoreRefiner.rc">
      <Filter>Tool\Resource Files</Filter>
    </ResourceCompile>
  </ItemGroup>
  <ItemGroup>
    <Image Include="asset\Icon\XYX.ico">
      <Filter>Tool\Resource Files</Filter>
    </Image>
    <Image Include="asset\Icon\Logo.ico">
      <Filter>Tool\Resource Files</Filter>
    </Image>
    <Image Include="asset\Icon\GameLogo.ico">
      <Filter>Tool\Resource Files</Filter>
    </Image>
  </ItemGroup>
  <ItemGroup>
    <FxCompile Include="Phong_PS.hlsl">
      <Filter>Shader\3D</Filter>
    </FxCompile>
    <FxCompile Include="Phong_VS.hlsl">
      <Filter>Shader\3D</Filter>
    </FxCompile>
    <FxCompile Include="PhongDif_PS.hlsl">
      <Filter>Shader\3D</Filter>
    </FxCompile>
    <FxCompile Include="PhongDif_VS.hlsl">
      <Filter>Shader\3D</Filter>
    </FxCompile>
    <FxCompile Include="PhongDifMskSpc_PS.hlsl">
      <Filter>Shader\3D</Filter>
    </FxCompile>
    <FxCompile Include="PhongDifMskSpc_VS.hlsl">
      <Filter>Shader\3D</Filter>
    </FxCompile>
    <FxCompile Include="PhongDifMskSpcNrm_PS.hlsl">
      <Filter>Shader\3D</Filter>
    </FxCompile>
    <FxCompile Include="PhongDifMskSpcNrm_VS.hlsl">
      <Filter>Shader\3D</Filter>
    </FxCompile>
    <FxCompile Include="PhongDifNrm_PS.hlsl">
      <Filter>Shader\3D</Filter>
    </FxCompile>
    <FxCompile Include="PhongDifNrm_VS.hlsl">
      <Filter>Shader\3D</Filter>
    </FxCompile>
    <FxCompile Include="PhongDifSpc_PS.hlsl">
      <Filter>Shader\3D</Filter>
    </FxCompile>
    <FxCompile Include="PhongDifSpc_VS.hlsl">
      <Filter>Shader\3D</Filter>
    </FxCompile>
    <FxCompile Include="PhongDifSpcNrm_PS.hlsl">
      <Filter>Shader\3D</Filter>
    </FxCompile>
    <FxCompile Include="PhongDifSpcNrm_VS.hlsl">
      <Filter>Shader\3D</Filter>
    </FxCompile>
    <FxCompile Include="Blur_PS.hlsl">
      <Filter>Shader\PostProcessing</Filter>
    </FxCompile>
    <FxCompile Include="BlurOutline_PS.hlsl">
      <Filter>Shader\PostProcessing</Filter>
    </FxCompile>
    <FxCompile Include="Fullscreen_VS.hlsl">
      <Filter>Shader\PostProcessing</Filter>
    </FxCompile>
    <FxCompile Include="General_VS.hlsl">
      <Filter>Shader\3D</Filter>
    </FxCompile>
    <FxCompile Include="General_PS.hlsl">
      <Filter>Shader\3D</Filter>
    </FxCompile>
    <FxCompile Include="Shadow_VS.hlsl">
      <Filter>Shader\3D</Filter>
    </FxCompile>
    <FxCompile Include="ShadowAlpha_PS.hlsl">
      <Filter>Shader\3D</Filter>
    </FxCompile>
    <FxCompile Include="ShadowAlpha_VS.hlsl">
      <Filter>Shader\3D</Filter>
    </FxCompile>
    <FxCompile Include="Skybox_PS.hlsl">
      <Filter>Shader\3D</Filter>
    </FxCompile>
    <FxCompile Include="Skybox_VS.hlsl">
      <Filter>Shader\3D</Filter>
    </FxCompile>
    <FxCompile Include="Solid_PS.hlsl">
      <Filter>Shader\3D</Filter>
    </FxCompile>
    <FxCompile Include="Solid_VS.hlsl">
      <Filter>Shader\3D</Filter>
    </FxCompile>
    <FxCompile Include="Sprite2D_VS.hlsl">
      <Filter>Shader\2D</Filter>
    </FxCompile>
    <FxCompile Include="Sprite2D_PS.hlsl">
      <Filter>Shader\2D</Filter>
    </FxCompile>
    <FxCompile Include="Sprite3D_PS.hlsl">
      <Filter>Shader\3D</Filter>
    </FxCompile>
    <FxCompile Include="Sprite3D_VS.hlsl">
      <Filter>Shader\3D</Filter>
    </FxCompile>
    <FxCompile Include="Sprite2DPolygon_PS.hlsl">
      <Filter>Shader\2D</Filter>
    </FxCompile>
    <FxCompile Include="Sprite2DPolygon_VS.hlsl">
      <Filter>Shader\2D</Filter>
    </FxCompile>
    <FxCompile Include="CubeTiled_VS.hlsl">
      <Filter>Shader\3D</Filter>
    </FxCompile>
    <FxCompile Include="Sprite3D_Mask_VS.hlsl">
      <Filter>Shader\3D</Filter>
    </FxCompile>
    <FxCompile Include="Sprite3D_Mask_PS.hlsl">
      <Filter>Shader\3D</Filter>
    </FxCompile>
    <FxCompile Include="CubeTiled_PS.hlsl">
      <Filter>Shader\3D</Filter>
    </FxCompile>
    <FxCompile Include="SolidOutline_PS.hlsl">
      <Filter>Shader\PostProcessing</Filter>
    </FxCompile>
    <FxCompile Include="Sprite3DNoLit_VS.hlsl">
      <Filter>Shader\3D</Filter>
    </FxCompile>
    <FxCompile Include="Sprite3DNoLit_PS.hlsl">
      <Filter>Shader\3D</Filter>
    </FxCompile>
    <FxCompile Include="FogVolume_VS.hlsl">
      <Filter>Shader\3D</Filter>
    </FxCompile>
    <FxCompile Include="FogVolume_PS.hlsl">
      <Filter>Shader\3D</Filter>
    </FxCompile>
    <FxCompile Include="Firefly_VS.hlsl">
      <Filter>Shader\3D</Filter>
    </FxCompile>
    <FxCompile Include="Firefly_PS.hlsl">
      <Filter>Shader\3D</Filter>
    </FxCompile>
    <FxCompile Include="SkyGrid_VS.hlsl">
      <Filter>Shader\3D</Filter>
    </FxCompile>
    <FxCompile Include="SkyGrid_PS.hlsl">
      <Filter>Shader\3D</Filter>
    </FxCompile>
    <FxCompile Include="CubeTiledTutorial_PS.hlsl">
      <Filter>Shader\3D</Filter>
    </FxCompile>
    <FxCompile Include="CubeTiledTutorial_Collapse_PS.hlsl">
      <Filter>Shader\3D</Filter>
    </FxCompile>
    <FxCompile Include="CubeTiledTutorial_Grid_PS.hlsl">
      <Filter>Shader\3D</Filter>
    </FxCompile>
    <FxCompile Include="Canvas2D_VS.hlsl">
      <Filter>Shader\2D</Filter>
    </FxCompile>
    <FxCompile Include="Canvas2D_PS.hlsl">
      <Filter>Shader\2D</Filter>
    </FxCompile>
    <FxCompile Include="Canvas2DSpriteUV_VS.hlsl">
      <Filter>Shader\2D</Filter>
    </FxCompile>
    <FxCompile Include="Canvas2DSpriteUV_PS.hlsl">
      <Filter>Shader\2D</Filter>
    </FxCompile>
    <FxCompile Include="Canvas3D_PS.hlsl">
      <Filter>Shader\3D</Filter>
    </FxCompile>
    <FxCompile Include="Canvas3D_VS.hlsl">
      <Filter>Shader\3D</Filter>
    </FxCompile>
    <FxCompile Include="SliderCanvasFill_PS.hlsl">
      <Filter>Shader\2D</Filter>
    </FxCompile>
    <FxCompile Include="Canvas2DRipples_PS.hlsl">
      <Filter>Shader\2D</Filter>
    </FxCompile>
    <FxCompile Include="Canvas2DRipples_VS.hlsl">
      <Filter>Shader\2D</Filter>
    </FxCompile>
    <FxCompile Include="ScanWaveField_PS.hlsl">
      <Filter>Shader\2D</Filter>
    </FxCompile>
    <FxCompile Include="ScanWaveField_VS.hlsl">
      <Filter>Shader\2D</Filter>
    </FxCompile>
    <FxCompile Include="SolidTrans_PS.hlsl">
      <Filter>Shader\3D</Filter>
    </FxCompile>
    <FxCompile Include="SolidTrans_VS.hlsl">
      <Filter>Shader\3D</Filter>
    </FxCompile>
  </ItemGroup>
  <ItemGroup>
    <None Include="LightVectorData.hlsli">
      <Filter>Shader\Common</Filter>
    </None>
    <None Include="PointLight.hlsli">
      <Filter>Shader\Common</Filter>
    </None>
    <None Include="ShaderOps.hlsli">
      <Filter>Shader\Common</Filter>
    </None>
    <None Include="Transform.hlsli">
      <Filter>Shader\Common</Filter>
    </None>
    <None Include="VShadow.hlsli">
      <Filter>Shader\Common</Filter>
    </None>
    <None Include="PShadow.hlsli">
      <Filter>Shader\Common</Filter>
    </None>
    <None Include="SpriteUV.hlsli">
      <Filter>Shader\Common</Filter>
    </None>
    <None Include="Transform2D.hlsli">
      <Filter>Shader\Common</Filter>
    </None>
    <None Include="MathHelpers.hlsli">
      <Filter>Shader\Common</Filter>
    </None>
    <None Include="asset\Icon\WhiteArrow.cur">
      <Filter>Tool\Resource Files</Filter>
    </None>
    <None Include="Time.hlsli">
      <Filter>Shader\Common</Filter>
    </None>
    <None Include="ModuleNodeInfoCopy.json">
      <Filter>Object\Attack\ModuleSystem\ModuleNode</Filter>
    </None>
    <None Include="UiCopy.json">
      <Filter>UI</Filter>
    </None>
  </ItemGroup>
</Project>